# THIS IS AN AUTOGENERATED FILE. DO NOT EDIT THIS FILE DIRECTLY.
# yarn lockfile v1


"@babel/runtime@^7.15.4", "@babel/runtime@^7.6.3", "@babel/runtime@^7.7.6", "@babel/runtime@^7.9.2":
  version "7.16.3"
  resolved "https://registry.yarnpkg.com/@babel/runtime/-/runtime-7.16.3.tgz#b86f0db02a04187a3c17caa77de69840165d42d5"
  integrity sha512-WBwekcqacdY2e9AF/Q7WLFUWmdJGJTkbjqTjoMDgXkVZ3ZRUvOPsLb5KdwISoQVsbP+DQzVZW4Zhci0DvpbNTQ==
  dependencies:
    regenerator-runtime "^0.13.4"

"@redux-saga/core@^1.1.3":
  version "1.1.3"
  resolved "https://registry.yarnpkg.com/@redux-saga/core/-/core-1.1.3.tgz#3085097b57a4ea8db5528d58673f20ce0950f6a4"
  integrity sha512-8tInBftak8TPzE6X13ABmEtRJGjtK17w7VUs7qV17S8hCO5S3+aUTWZ/DBsBJPdE8Z5jOPwYALyvofgq1Ws+kg==
  dependencies:
    "@babel/runtime" "^7.6.3"
    "@redux-saga/deferred" "^1.1.2"
    "@redux-saga/delay-p" "^1.1.2"
    "@redux-saga/is" "^1.1.2"
    "@redux-saga/symbols" "^1.1.2"
    "@redux-saga/types" "^1.1.0"
    redux "^4.0.4"
    typescript-tuple "^2.2.1"

"@redux-saga/deferred@^1.1.2":
  version "1.1.2"
  resolved "https://registry.yarnpkg.com/@redux-saga/deferred/-/deferred-1.1.2.tgz#59937a0eba71fff289f1310233bc518117a71888"
  integrity sha512-908rDLHFN2UUzt2jb4uOzj6afpjgJe3MjICaUNO3bvkV/kN/cNeI9PMr8BsFXB/MR8WTAZQq/PlTq8Kww3TBSQ==

"@redux-saga/delay-p@^1.1.2":
  version "1.1.2"
  resolved "https://registry.yarnpkg.com/@redux-saga/delay-p/-/delay-p-1.1.2.tgz#8f515f4b009b05b02a37a7c3d0ca9ddc157bb355"
  integrity sha512-ojc+1IoC6OP65Ts5+ZHbEYdrohmIw1j9P7HS9MOJezqMYtCDgpkoqB5enAAZrNtnbSL6gVCWPHaoaTY5KeO0/g==
  dependencies:
    "@redux-saga/symbols" "^1.1.2"

"@redux-saga/is@^1.1.2":
  version "1.1.2"
  resolved "https://registry.yarnpkg.com/@redux-saga/is/-/is-1.1.2.tgz#ae6c8421f58fcba80faf7cadb7d65b303b97e58e"
  integrity sha512-OLbunKVsCVNTKEf2cH4TYyNbbPgvmZ52iaxBD4I1fTif4+MTXMa4/Z07L83zW/hTCXwpSZvXogqMqLfex2Tg6w==
  dependencies:
    "@redux-saga/symbols" "^1.1.2"
    "@redux-saga/types" "^1.1.0"

"@redux-saga/symbols@^1.1.2":
  version "1.1.2"
  resolved "https://registry.yarnpkg.com/@redux-saga/symbols/-/symbols-1.1.2.tgz#216a672a487fc256872b8034835afc22a2d0595d"
  integrity sha512-EfdGnF423glv3uMwLsGAtE6bg+R9MdqlHEzExnfagXPrIiuxwr3bdiAwz3gi+PsrQ3yBlaBpfGLtDG8rf3LgQQ==

"@redux-saga/types@^1.1.0":
  version "1.1.0"
  resolved "https://registry.yarnpkg.com/@redux-saga/types/-/types-1.1.0.tgz#0e81ce56b4883b4b2a3001ebe1ab298b84237204"
  integrity sha512-afmTuJrylUU/0OtqzaRkbyYFFNgCF73Bvel/sw90pvGrWIZ+vyoIJqA6eMSoA6+nb443kTmulmBtC9NerXboNg==

"@reduxjs/toolkit@^1.6.2":
  version "1.6.2"
  resolved "https://registry.yarnpkg.com/@reduxjs/toolkit/-/toolkit-1.6.2.tgz#2f2b5365df77dd6697da28fdf44f33501ed9ba37"
  integrity sha512-HbfI/hOVrAcMGAYsMWxw3UJyIoAS9JTdwddsjlr5w3S50tXhWb+EMyhIw+IAvCVCLETkzdjgH91RjDSYZekVBA==
  dependencies:
    immer "^9.0.6"
    redux "^4.1.0"
    redux-thunk "^2.3.0"
    reselect "^4.0.0"

"@types/hoist-non-react-statics@^3.3.0":
  version "3.3.1"
  resolved "https://registry.yarnpkg.com/@types/hoist-non-react-statics/-/hoist-non-react-statics-3.3.1.tgz#1124aafe5118cb591977aeb1ceaaed1070eb039f"
  integrity sha512-iMIqiko6ooLrTh1joXodJK5X9xeEALT1kM5G3ZLhD3hszxBdIEd5C75U834D9mLcINgD4OyZf5uQXjkuYydWvA==
  dependencies:
    "@types/react" "*"
    hoist-non-react-statics "^3.3.0"

"@types/prop-types@*":
  version "15.7.4"
  resolved "https://registry.yarnpkg.com/@types/prop-types/-/prop-types-15.7.4.tgz#fcf7205c25dff795ee79af1e30da2c9790808f11"
  integrity sha512-rZ5drC/jWjrArrS8BR6SIr4cWpW09RNTYt9AMZo3Jwwif+iacXAqgVjm0B0Bv/S1jhDXKHqRVNCbACkJ89RAnQ==

"@types/react-redux@^7.1.20":
  version "7.1.20"
  resolved "https://registry.yarnpkg.com/@types/react-redux/-/react-redux-7.1.20.tgz#42f0e61ababb621e12c66c96dda94c58423bd7df"
  integrity sha512-q42es4c8iIeTgcnB+yJgRTTzftv3eYYvCZOh1Ckn2eX/3o5TdsQYKUWpLoLuGlcY/p+VAhV9IOEZJcWk/vfkXw==
  dependencies:
    "@types/hoist-non-react-statics" "^3.3.0"
    "@types/react" "*"
    hoist-non-react-statics "^3.3.0"
    redux "^4.0.0"

"@types/react@*":
  version "17.0.37"
  resolved "https://registry.yarnpkg.com/@types/react/-/react-17.0.37.tgz#6884d0aa402605935c397ae689deed115caad959"
  integrity sha512-2FS1oTqBGcH/s0E+CjrCCR9+JMpsu9b69RTFO+40ua43ZqP5MmQ4iUde/dMjWR909KxZwmOQIFq6AV6NjEG5xg==
  dependencies:
    "@types/prop-types" "*"
    "@types/scheduler" "*"
    csstype "^3.0.2"

"@types/scheduler@*":
  version "0.16.2"
  resolved "https://registry.yarnpkg.com/@types/scheduler/-/scheduler-0.16.2.tgz#1a62f89525723dde24ba1b01b092bf5df8ad4d39"
  integrity sha512-hppQEBDmlwhFAXKJX2KnWLYu5yMfi91yazPb2l+lbJiwW+wdo1gNeRA+3RgNSO39WYX2euey41KEwnqesU2Jew==

axios@^0.24.0:
  version "0.24.0"
  resolved "https://registry.yarnpkg.com/axios/-/axios-0.24.0.tgz#804e6fa1e4b9c5288501dd9dff56a7a0940d20d6"
  integrity sha512-Q6cWsys88HoPgAaFAVUb0WpPk0O8iTeisR9IMqy9G8AbO4NlpVknrnQS03zzF9PGAWgO3cgletO3VjV/P7VztA==
  dependencies:
    follow-redirects "^1.14.4"

csstype@^3.0.2:
  version "3.0.10"
  resolved "https://registry.yarnpkg.com/csstype/-/csstype-3.0.10.tgz#2ad3a7bed70f35b965707c092e5f30b327c290e5"
  integrity sha512-2u44ZG2OcNUO9HDp/Jl8C07x6pU/eTR3ncV91SiK3dhG9TWvRVsCoJw14Ckx5DgWkzGA3waZWO3d7pgqpUI/XA==

decode-uri-component@^0.2.0:
  version "0.2.0"
  resolved "https://registry.yarnpkg.com/decode-uri-component/-/decode-uri-component-0.2.0.tgz#eb3913333458775cb84cd1a1fae062106bb87545"
  integrity sha1-6zkTMzRYd1y4TNGh+uBiEGu4dUU=

deep-diff@^0.3.5:
  version "0.3.8"
  resolved "https://registry.yarnpkg.com/deep-diff/-/deep-diff-0.3.8.tgz#c01de63efb0eec9798801d40c7e0dae25b582c84"
  integrity sha1-wB3mPvsO7JeYgB1Ax+Da4ltYLIQ=

filter-obj@^1.1.0:
  version "1.1.0"
  resolved "https://registry.yarnpkg.com/filter-obj/-/filter-obj-1.1.0.tgz#9b311112bc6c6127a16e016c6c5d7f19e0805c5b"
  integrity sha1-mzERErxsYSehbgFsbF1/GeCAXFs=

follow-redirects@^1.14.4:
  version "1.14.5"
  resolved "https://registry.yarnpkg.com/follow-redirects/-/follow-redirects-1.14.5.tgz#f09a5848981d3c772b5392309778523f8d85c381"
  integrity sha512-wtphSXy7d4/OR+MvIFbCVBDzZ5520qV8XfPklSN5QtxuMUJZ+b0Wnst1e1lCDocfzuCkHqj8k0FpZqO+UIaKNA==

history@^5.1.0:
  version "5.1.0"
  resolved "https://registry.yarnpkg.com/history/-/history-5.1.0.tgz#2e93c09c064194d38d52ed62afd0afc9d9b01ece"
  integrity sha512-zPuQgPacm2vH2xdORvGGz1wQMuHSIB56yNAy5FnLuwOwgSYyPKptJtcMm6Ev+hRGeS+GzhbmRacHzvlESbFwDg==
  dependencies:
    "@babel/runtime" "^7.7.6"

hoist-non-react-statics@^3.3.0, hoist-non-react-statics@^3.3.2:
  version "3.3.2"
  resolved "https://registry.yarnpkg.com/hoist-non-react-statics/-/hoist-non-react-statics-3.3.2.tgz#ece0acaf71d62c2969c2ec59feff42a4b1a85b45"
  integrity sha512-/gGivxi8JPKWNm/W0jSmzcMPpfpPLc3dY/6GxhX2hQ9iGj3aDfklV4ET7NjKpSinLpJ5vafa9iiGIEZg10SfBw==
  dependencies:
    react-is "^16.7.0"

immer@^9.0.6:
  version "9.0.7"
  resolved "https://registry.yarnpkg.com/immer/-/immer-9.0.7.tgz#b6156bd7db55db7abc73fd2fdadf4e579a701075"
  integrity sha512-KGllzpbamZDvOIxnmJ0jI840g7Oikx58lBPWV0hUh7dtAyZpFqqrBZdKka5GlTwMTZ1Tjc/bKKW4VSFAt6BqMA==

"js-tokens@^3.0.0 || ^4.0.0":
  version "4.0.0"
  resolved "https://registry.yarnpkg.com/js-tokens/-/js-tokens-4.0.0.tgz#19203fb59991df98e3a287050d4647cdeaf32499"
  integrity sha512-RdJUflcE3cUzKiMqQgsCu06FPu9UdIJO0beYbPhHN4k6apgJtifcoCtT9bcxOpYBtpD2kCM6Sbzg4CausW/PKQ==

loose-envify@^1.4.0:
  version "1.4.0"
  resolved "https://registry.yarnpkg.com/loose-envify/-/loose-envify-1.4.0.tgz#71ee51fa7be4caec1a63839f7e682d8132d30caf"
  integrity sha512-lyuxPGr/Wfhrlem2CL/UcnUc1zcqKAImBDzukY7Y5F/yQiNdko6+fRLevlw1HgMySw7f611UIY408EtxRSoK3Q==
  dependencies:
    js-tokens "^3.0.0 || ^4.0.0"

object-assign@^4.1.1:
  version "4.1.1"
  resolved "https://registry.yarnpkg.com/object-assign/-/object-assign-4.1.1.tgz#2109adc7965887cfc05cbbd442cac8bfbb360863"
  integrity sha1-IQmtx5ZYh8/AXLvUQsrIv7s2CGM=

prop-types@^15.7.2:
  version "15.7.2"
  resolved "https://registry.yarnpkg.com/prop-types/-/prop-types-15.7.2.tgz#52c41e75b8c87e72b9d9360e0206b99dcbffa6c5"
  integrity sha512-8QQikdH7//R2vurIJSutZ1smHYTcLpRWEOlHnzcWHmBYrOGUysKwSsrC89BCiFj3CbrfJ/nXFdJepOVrY1GCHQ==
  dependencies:
    loose-envify "^1.4.0"
    object-assign "^4.1.1"
    react-is "^16.8.1"

query-string@^7.0.1:
  version "7.0.1"
  resolved "https://registry.yarnpkg.com/query-string/-/query-string-7.0.1.tgz#45bd149cf586aaa582dffc7ec7a8ad97dd02f75d"
  integrity sha512-uIw3iRvHnk9to1blJCG3BTc+Ro56CBowJXKmNNAm3RulvPBzWLRqKSiiDk+IplJhsydwtuNMHi8UGQFcCLVfkA==
  dependencies:
    decode-uri-component "^0.2.0"
    filter-obj "^1.1.0"
    split-on-first "^1.0.0"
    strict-uri-encode "^2.0.0"

ramda@^0.27.1:
  version "0.27.1"
  resolved "https://registry.yarnpkg.com/ramda/-/ramda-0.27.1.tgz#66fc2df3ef873874ffc2da6aa8984658abacf5c9"
  integrity sha512-PgIdVpn5y5Yns8vqb8FzBUEYn98V3xcPgawAkkgj0YJ0qDsnHCiNmZYfOGMgOvoB0eWFLpYbhxUR3mxfDIMvpw==

react-is@^16.7.0, react-is@^16.8.1:
  version "16.13.1"
  resolved "https://registry.yarnpkg.com/react-is/-/react-is-16.13.1.tgz#789729a4dc36de2999dc156dd6c1d9c18cea56a4"
  integrity sha512-24e6ynE2H+OKt4kqsOvNd8kBpV65zoxbA4BVsEOB3ARVWQki/DHzaUoC5KuON/BiccDaCCTZBuOcfZs70kR8bQ==

react-is@^17.0.2:
  version "17.0.2"
  resolved "https://registry.yarnpkg.com/react-is/-/react-is-17.0.2.tgz#e691d4a8e9c789365655539ab372762b0efb54f0"
  integrity sha512-w2GsyukL62IJnlaff/nRegPQR94C/XXamvMWmSHRJ4y7Ts/4ocGRmTHvOs8PSE6pB3dWOrD/nueuU5sduBsQ4w==

react-redux@^7.2.6:
  version "7.2.6"
  resolved "https://registry.yarnpkg.com/react-redux/-/react-redux-7.2.6.tgz#49633a24fe552b5f9caf58feb8a138936ddfe9aa"
  integrity sha512-10RPdsz0UUrRL1NZE0ejTkucnclYSgXp5q+tB5SWx2qeG2ZJQJyymgAhwKy73yiL/13btfB6fPr+rgbMAaZIAQ==
  dependencies:
    "@babel/runtime" "^7.15.4"
    "@types/react-redux" "^7.1.20"
    hoist-non-react-statics "^3.3.2"
    loose-envify "^1.4.0"
    prop-types "^15.7.2"
    react-is "^17.0.2"

react-router-dom@^6.0.2:
  version "6.0.2"
  resolved "https://registry.yarnpkg.com/react-router-dom/-/react-router-dom-6.0.2.tgz#860cefa697b9d4965eced3f91e82cdbc5995f3ad"
  integrity sha512-cOpJ4B6raFutr0EG8O/M2fEoyQmwvZWomf1c6W2YXBZuFBx8oTk/zqjXghwScyhfrtnt0lANXV2182NQblRxFA==
  dependencies:
    history "^5.1.0"
    react-router "6.0.2"

react-router@6.0.2, react-router@^6.0.2:
  version "6.0.2"
  resolved "https://registry.yarnpkg.com/react-router/-/react-router-6.0.2.tgz#bd2b0fa84fd1d152671e9f654d9c0b1f5a7c86da"
  integrity sha512-8/Wm3Ed8t7TuedXjAvV39+c8j0vwrI5qVsYqjFr5WkJjsJpEvNSoLRUbtqSEYzqaTUj1IV+sbPJxvO+accvU0Q==
  dependencies:
    history "^5.1.0"

redux-logger@^3.0.6:
  version "3.0.6"
  resolved "https://registry.yarnpkg.com/redux-logger/-/redux-logger-3.0.6.tgz#f7555966f3098f3c88604c449cf0baf5778274bf"
  integrity sha1-91VZZvMJjzyIYExEnPC69XeCdL8=
  dependencies:
    deep-diff "^0.3.5"

redux-saga@^1.1.3:
  version "1.1.3"
  resolved "https://registry.yarnpkg.com/redux-saga/-/redux-saga-1.1.3.tgz#9f3e6aebd3c994bbc0f6901a625f9a42b51d1112"
  integrity sha512-RkSn/z0mwaSa5/xH/hQLo8gNf4tlvT18qXDNvedihLcfzh+jMchDgaariQoehCpgRltEm4zHKJyINEz6aqswTw==
  dependencies:
    "@redux-saga/core" "^1.1.3"

redux-thunk@^2.3.0:
  version "2.4.1"
  resolved "https://registry.yarnpkg.com/redux-thunk/-/redux-thunk-2.4.1.tgz#0dd8042cf47868f4b29699941de03c9301a75714"
  integrity sha512-OOYGNY5Jy2TWvTL1KgAlVy6dcx3siPJ1wTq741EPyUKfn6W6nChdICjZwCd0p8AZBs5kWpZlbkXW2nE/zjUa+Q==

redux@^4.0.0, redux@^4.0.4, redux@^4.1.0, redux@^4.1.2:
  version "4.1.2"
  resolved "https://registry.yarnpkg.com/redux/-/redux-4.1.2.tgz#140f35426d99bb4729af760afcf79eaaac407104"
  integrity sha512-SH8PglcebESbd/shgf6mii6EIoRM0zrQyjcuQ+ojmfxjTtE0z9Y8pa62iA/OJ58qjP6j27uyW4kUF4jl/jd6sw==
  dependencies:
    "@babel/runtime" "^7.9.2"

regenerator-runtime@^0.13.4:
  version "0.13.9"
  resolved "https://registry.yarnpkg.com/regenerator-runtime/-/regenerator-runtime-0.13.9.tgz#8925742a98ffd90814988d7566ad30ca3b263b52"
  integrity sha512-p3VT+cOEgxFsRRA9X4lkI1E+k2/CtnKtU4gcxyaCUreilL/vqI6CdZ3wxVUx3UOUg+gnUOQQcRI7BmSI656MYA==

reselect@^4.0.0:
  version "4.1.5"
  resolved "https://registry.yarnpkg.com/reselect/-/reselect-4.1.5.tgz#852c361247198da6756d07d9296c2b51eddb79f6"
  integrity sha512-uVdlz8J7OO+ASpBYoz1Zypgx0KasCY20H+N8JD13oUMtPvSHQuscrHop4KbXrbsBcdB9Ds7lVK7eRkBIfO43vQ==

split-on-first@^1.0.0:
  version "1.1.0"
  resolved "https://registry.yarnpkg.com/split-on-first/-/split-on-first-1.1.0.tgz#f610afeee3b12bce1d0c30425e76398b78249a5f"
  integrity sha512-43ZssAJaMusuKWL8sKUBQXHWOpq8d6CfN/u1p4gUzfJkM05C8rxTmYrkIPTXapZpORA6LkkzcUulJ8FqA7Uudw==

strict-uri-encode@^2.0.0:
  version "2.0.0"
  resolved "https://registry.yarnpkg.com/strict-uri-encode/-/strict-uri-encode-2.0.0.tgz#b9c7330c7042862f6b142dc274bbcc5866ce3546"
  integrity sha1-ucczDHBChi9rFC3CdLvMWGbONUY=

typescript-compare@^0.0.2:
  version "0.0.2"
  resolved "https://registry.yarnpkg.com/typescript-compare/-/typescript-compare-0.0.2.tgz#7ee40a400a406c2ea0a7e551efd3309021d5f425"
  integrity sha512-8ja4j7pMHkfLJQO2/8tut7ub+J3Lw2S3061eJLFQcvs3tsmJKp8KG5NtpLn7KcY2w08edF74BSVN7qJS0U6oHA==
  dependencies:
    typescript-logic "^0.0.0"

typescript-logic@^0.0.0:
  version "0.0.0"
  resolved "https://registry.yarnpkg.com/typescript-logic/-/typescript-logic-0.0.0.tgz#66ebd82a2548f2b444a43667bec120b496890196"
  integrity sha512-zXFars5LUkI3zP492ls0VskH3TtdeHCqu0i7/duGt60i5IGPIpAHE/DWo5FqJ6EjQ15YKXrt+AETjv60Dat34Q==

typescript-tuple@^2.2.1:
  version "2.2.1"
  resolved "https://registry.yarnpkg.com/typescript-tuple/-/typescript-tuple-2.2.1.tgz#7d9813fb4b355f69ac55032e0363e8bb0f04dad2"
  integrity sha512-Zcr0lbt8z5ZdEzERHAMAniTiIKerFCMgd7yjq1fPnDJ43et/k9twIFQMUYff9k5oXcsQ0WpvFcgzK2ZKASoW6Q==
  dependencies:
    typescript-compare "^0.0.2"
